// !$*UTF8*$!
{
	archiveVersion = 1;
	classes = {
	};
	objectVersion = 55;
	objects = {

/* Begin PBXBuildFile section */
		DBDDDE7527D9AE050016A6B8 /* Player.cpp in Sources */ = {isa = PBXBuildFile; fileRef = DB634C5627BA3D98005F96F0 /* Player.cpp */; };
		DBDDDE7627DC963B0016A6B8 /* Card.cpp in Sources */ = {isa = PBXBuildFile; fileRef = DB634C5727BA3D98005F96F0 /* Card.cpp */; };
		DBDDDE7827DC96D50016A6B8 /* Pack.cpp in Sources */ = {isa = PBXBuildFile; fileRef = DB634C5A27BA3D99005F96F0 /* Pack.cpp */; };
		DBDDDE7A27DDE1970016A6B8 /* Player_tests.cpp in Sources */ = {isa = PBXBuildFile; fileRef = DB634C5527BA3D98005F96F0 /* Player_tests.cpp */; };
/* End PBXBuildFile section */

/* Begin PBXCopyFilesBuildPhase section */
		DB634C3F27BA3D14005F96F0 /* CopyFiles */ = {
			isa = PBXCopyFilesBuildPhase;
			buildActionMask = 2147483647;
			dstPath = /usr/share/man/man1/;
			dstSubfolderSpec = 0;
			files = (
			);
			runOnlyForDeploymentPostprocessing = 1;
		};
/* End PBXCopyFilesBuildPhase section */

/* Begin PBXFileReference section */
		DB634C4127BA3D14005F96F0 /* project3 */ = {isa = PBXFileReference; explicitFileType = "compiled.mach-o.executable"; includeInIndex = 0; path = project3; sourceTree = BUILT_PRODUCTS_DIR; };
		DB634C4B27BA3D97005F96F0 /* unit_test_framework.h */ = {isa = PBXFileReference; fileEncoding = 4; lastKnownFileType = sourcecode.c.h; path = unit_test_framework.h; sourceTree = "<group>"; };
		DB634C4C27BA3D98005F96F0 /* euchre_test01.out.correct */ = {isa = PBXFileReference; fileEncoding = 4; lastKnownFileType = text; path = euchre_test01.out.correct; sourceTree = "<group>"; };
		DB634C4D27BA3D98005F96F0 /* Card_public_test.cpp */ = {isa = PBXFileReference; fileEncoding = 4; lastKnownFileType = sourcecode.cpp.cpp; path = Card_public_test.cpp; sourceTree = "<group>"; };
		DB634C4E27BA3D98005F96F0 /* Card_tests.cpp */ = {isa = PBXFileReference; fileEncoding = 4; lastKnownFileType = sourcecode.cpp.cpp; path = Card_tests.cpp; sourceTree = "<group>"; };
		DB634C4F27BA3D98005F96F0 /* Pack_public_test.cpp */ = {isa = PBXFileReference; fileEncoding = 4; lastKnownFileType = sourcecode.cpp.cpp; path = Pack_public_test.cpp; sourceTree = "<group>"; };
		DB634C5027BA3D98005F96F0 /* pack.in */ = {isa = PBXFileReference; fileEncoding = 4; lastKnownFileType = text; path = pack.in; sourceTree = "<group>"; };
		DB634C5127BA3D98005F96F0 /* euchre_test50.out.correct */ = {isa = PBXFileReference; fileEncoding = 4; lastKnownFileType = text; path = euchre_test50.out.correct; sourceTree = "<group>"; };
		DB634C5227BA3D98005F96F0 /* Card.h */ = {isa = PBXFileReference; fileEncoding = 4; lastKnownFileType = sourcecode.c.h; path = Card.h; sourceTree = "<group>"; };
		DB634C5327BA3D98005F96F0 /* euchre_test00.out.correct */ = {isa = PBXFileReference; fileEncoding = 4; lastKnownFileType = text; path = euchre_test00.out.correct; sourceTree = "<group>"; };
		DB634C5427BA3D98005F96F0 /* Player_public_test.cpp */ = {isa = PBXFileReference; fileEncoding = 4; lastKnownFileType = sourcecode.cpp.cpp; path = Player_public_test.cpp; sourceTree = "<group>"; };
		DB634C5527BA3D98005F96F0 /* Player_tests.cpp */ = {isa = PBXFileReference; fileEncoding = 4; lastKnownFileType = sourcecode.cpp.cpp; path = Player_tests.cpp; sourceTree = "<group>"; };
		DB634C5627BA3D98005F96F0 /* Player.cpp */ = {isa = PBXFileReference; fileEncoding = 4; lastKnownFileType = sourcecode.cpp.cpp; path = Player.cpp; sourceTree = "<group>"; };
		DB634C5727BA3D98005F96F0 /* Card.cpp */ = {isa = PBXFileReference; fileEncoding = 4; lastKnownFileType = sourcecode.cpp.cpp; path = Card.cpp; sourceTree = "<group>"; };
		DB634C5827BA3D99005F96F0 /* Player.h */ = {isa = PBXFileReference; fileEncoding = 4; lastKnownFileType = sourcecode.c.h; path = Player.h; sourceTree = "<group>"; };
		DB634C5927BA3D99005F96F0 /* Pack_tests.cpp */ = {isa = PBXFileReference; fileEncoding = 4; lastKnownFileType = sourcecode.cpp.cpp; path = Pack_tests.cpp; sourceTree = "<group>"; };
		DB634C5A27BA3D99005F96F0 /* Pack.cpp */ = {isa = PBXFileReference; fileEncoding = 4; lastKnownFileType = sourcecode.cpp.cpp; path = Pack.cpp; sourceTree = "<group>"; };
		DB634C5B27BA3D99005F96F0 /* Makefile */ = {isa = PBXFileReference; fileEncoding = 4; lastKnownFileType = sourcecode.make; path = Makefile; sourceTree = "<group>"; };
		DB634C5C27BA3D99005F96F0 /* euchre_test50.in */ = {isa = PBXFileReference; fileEncoding = 4; lastKnownFileType = text; path = euchre_test50.in; sourceTree = "<group>"; };
		DB634C5D27BA3D99005F96F0 /* euchre.cpp */ = {isa = PBXFileReference; fileEncoding = 4; lastKnownFileType = sourcecode.cpp.cpp; path = euchre.cpp; sourceTree = "<group>"; };
		DB634C5E27BA3D99005F96F0 /* Pack.h */ = {isa = PBXFileReference; fileEncoding = 4; lastKnownFileType = sourcecode.c.h; path = Pack.h; sourceTree = "<group>"; };
/* End PBXFileReference section */

/* Begin PBXFrameworksBuildPhase section */
		DB634C3E27BA3D14005F96F0 /* Frameworks */ = {
			isa = PBXFrameworksBuildPhase;
			buildActionMask = 2147483647;
			files = (
			);
			runOnlyForDeploymentPostprocessing = 0;
		};
/* End PBXFrameworksBuildPhase section */

/* Begin PBXGroup section */
		DB634C3827BA3D14005F96F0 = {
			isa = PBXGroup;
			children = (
				DB634C4D27BA3D98005F96F0 /* Card_public_test.cpp */,
				DB634C4E27BA3D98005F96F0 /* Card_tests.cpp */,
				DB634C5727BA3D98005F96F0 /* Card.cpp */,
				DB634C5227BA3D98005F96F0 /* Card.h */,
				DB634C5327BA3D98005F96F0 /* euchre_test00.out.correct */,
				DB634C4C27BA3D98005F96F0 /* euchre_test01.out.correct */,
				DB634C5C27BA3D99005F96F0 /* euchre_test50.in */,
				DB634C5127BA3D98005F96F0 /* euchre_test50.out.correct */,
				DB634C5D27BA3D99005F96F0 /* euchre.cpp */,
				DB634C5B27BA3D99005F96F0 /* Makefile */,
				DB634C4F27BA3D98005F96F0 /* Pack_public_test.cpp */,
				DB634C5927BA3D99005F96F0 /* Pack_tests.cpp */,
				DB634C5A27BA3D99005F96F0 /* Pack.cpp */,
				DB634C5E27BA3D99005F96F0 /* Pack.h */,
				DB634C5027BA3D98005F96F0 /* pack.in */,
				DB634C5427BA3D98005F96F0 /* Player_public_test.cpp */,
				DB634C5527BA3D98005F96F0 /* Player_tests.cpp */,
				DB634C5627BA3D98005F96F0 /* Player.cpp */,
				DB634C5827BA3D99005F96F0 /* Player.h */,
				DB634C4B27BA3D97005F96F0 /* unit_test_framework.h */,
				DB634C4227BA3D14005F96F0 /* Products */,
			);
			sourceTree = "<group>";
		};
		DB634C4227BA3D14005F96F0 /* Products */ = {
			isa = PBXGroup;
			children = (
				DB634C4127BA3D14005F96F0 /* project3 */,
			);
			name = Products;
			sourceTree = "<group>";
		};
/* End PBXGroup section */

/* Begin PBXNativeTarget section */
		DB634C4027BA3D14005F96F0 /* project3 */ = {
			isa = PBXNativeTarget;
			buildConfigurationList = DB634C4827BA3D14005F96F0 /* Build configuration list for PBXNativeTarget "project3" */;
			buildPhases = (
				DB634C3D27BA3D14005F96F0 /* Sources */,
				DB634C3E27BA3D14005F96F0 /* Frameworks */,
				DB634C3F27BA3D14005F96F0 /* CopyFiles */,
			);
			buildRules = (
			);
			dependencies = (
			);
			name = project3;
			productName = project3;
			productReference = DB634C4127BA3D14005F96F0 /* project3 */;
			productType = "com.apple.product-type.tool";
		};
/* End PBXNativeTarget section */

/* Begin PBXProject section */
		DB634C3927BA3D14005F96F0 /* Project object */ = {
			isa = PBXProject;
			attributes = {
				BuildIndependentTargetsInParallel = 1;
				LastUpgradeCheck = 1320;
				TargetAttributes = {
					DB634C4027BA3D14005F96F0 = {
						CreatedOnToolsVersion = 13.2.1;
					};
				};
			};
			buildConfigurationList = DB634C3C27BA3D14005F96F0 /* Build configuration list for PBXProject "project3" */;
			compatibilityVersion = "Xcode 13.0";
			developmentRegion = en;
			hasScannedForEncodings = 0;
			knownRegions = (
				en,
				Base,
			);
			mainGroup = DB634C3827BA3D14005F96F0;
			productRefGroup = DB634C4227BA3D14005F96F0 /* Products */;
			projectDirPath = "";
			projectRoot = "";
			targets = (
				DB634C4027BA3D14005F96F0 /* project3 */,
			);
		};
/* End PBXProject section */

/* Begin PBXSourcesBuildPhase section */
		DB634C3D27BA3D14005F96F0 /* Sources */ = {
			isa = PBXSourcesBuildPhase;
			buildActionMask = 2147483647;
			files = (
				DBDDDE7A27DDE1970016A6B8 /* Player_tests.cpp in Sources */,
				DBDDDE7827DC96D50016A6B8 /* Pack.cpp in Sources */,
				DBDDDE7627DC963B0016A6B8 /* Card.cpp in Sources */,
				DBDDDE7527D9AE050016A6B8 /* Player.cpp in Sources */,
			);
			runOnlyForDeploymentPostprocessing = 0;
		};
/* End PBXSourcesBuildPhase section */

/* Begin XCBuildConfiguration section */
		DB634C4627BA3D14005F96F0 /* Debug */ = {
			isa = XCBuildConfiguration;
			buildSettings = {
				ALWAYS_SEARCH_USER_PATHS = NO;
				CLANG_ANALYZER_NONNULL = YES;
				CLANG_ANALYZER_NUMBER_OBJECT_CONVERSION = YES_AGGRESSIVE;
				CLANG_CXX_LANGUAGE_STANDARD = "gnu++17";
				CLANG_CXX_LIBRARY = "libc++";
				CLANG_ENABLE_MODULES = YES;
				CLANG_ENABLE_OBJC_ARC = YES;
				CLANG_ENABLE_OBJC_WEAK = YES;
				CLANG_WARN_BLOCK_CAPTURE_AUTORELEASING = YES;
				CLANG_WARN_BOOL_CONVERSION = YES;
				CLANG_WARN_COMMA = YES;
				CLANG_WARN_CONSTANT_CONVERSION = YES;
				CLANG_WARN_DEPRECATED_OBJC_IMPLEMENTATIONS = YES;
				CLANG_WARN_DIRECT_OBJC_ISA_USAGE = YES_ERROR;
				CLANG_WARN_DOCUMENTATION_COMMENTS = YES;
				CLANG_WARN_EMPTY_BODY = YES;
				CLANG_WARN_ENUM_CONVERSION = YES;
				CLANG_WARN_INFINITE_RECURSION = YES;
				CLANG_WARN_INT_CONVERSION = YES;
				CLANG_WARN_NON_LITERAL_NULL_CONVERSION = YES;
				CLANG_WARN_OBJC_IMPLICIT_RETAIN_SELF = YES;
				CLANG_WARN_OBJC_LITERAL_CONVERSION = YES;
				CLANG_WARN_OBJC_ROOT_CLASS = YES_ERROR;
				CLANG_WARN_QUOTED_INCLUDE_IN_FRAMEWORK_HEADER = YES;
				CLANG_WARN_RANGE_LOOP_ANALYSIS = YES;
				CLANG_WARN_STRICT_PROTOTYPES = YES;
				CLANG_WARN_SUSPICIOUS_MOVE = YES;
				CLANG_WARN_UNGUARDED_AVAILABILITY = YES_AGGRESSIVE;
				CLANG_WARN_UNREACHABLE_CODE = YES;
				CLANG_WARN__DUPLICATE_METHOD_MATCH = YES;
				COPY_PHASE_STRIP = NO;
				DEBUG_INFORMATION_FORMAT = dwarf;
				ENABLE_STRICT_OBJC_MSGSEND = YES;
				ENABLE_TESTABILITY = YES;
				GCC_C_LANGUAGE_STANDARD = gnu11;
				GCC_DYNAMIC_NO_PIC = NO;
				GCC_NO_COMMON_BLOCKS = YES;
				GCC_OPTIMIZATION_LEVEL = 0;
				GCC_PREPROCESSOR_DEFINITIONS = (
					"DEBUG=1",
					"$(inherited)",
				);
				GCC_WARN_64_TO_32_BIT_CONVERSION = YES;
				GCC_WARN_ABOUT_RETURN_TYPE = YES_ERROR;
				GCC_WARN_UNDECLARED_SELECTOR = YES;
				GCC_WARN_UNINITIALIZED_AUTOS = YES_AGGRESSIVE;
				GCC_WARN_UNUSED_FUNCTION = YES;
				GCC_WARN_UNUSED_VARIABLE = YES;
				MACOSX_DEPLOYMENT_TARGET = 11.6;
				MTL_ENABLE_DEBUG_INFO = INCLUDE_SOURCE;
				MTL_FAST_MATH = YES;
				ONLY_ACTIVE_ARCH = YES;
				SDKROOT = macosx;
			};
			name = Debug;
		};
		DB634C4727BA3D14005F96F0 /* Release */ = {
			isa = XCBuildConfiguration;
			buildSettings = {
				ALWAYS_SEARCH_USER_PATHS = NO;
				CLANG_ANALYZER_NONNULL = YES;
				CLANG_ANALYZER_NUMBER_OBJECT_CONVERSION = YES_AGGRESSIVE;
				CLANG_CXX_LANGUAGE_STANDARD = "gnu++17";
				CLANG_CXX_LIBRARY = "libc++";
				CLANG_ENABLE_MODULES = YES;
				CLANG_ENABLE_OBJC_ARC = YES;
				CLANG_ENABLE_OBJC_WEAK = YES;
				CLANG_WARN_BLOCK_CAPTURE_AUTORELEASING = YES;
				CLANG_WARN_BOOL_CONVERSION = YES;
				CLANG_WARN_COMMA = YES;
				CLANG_WARN_CONSTANT_CONVERSION = YES;
				CLANG_WARN_DEPRECATED_OBJC_IMPLEMENTATIONS = YES;
				CLANG_WARN_DIRECT_OBJC_ISA_USAGE = YES_ERROR;
				CLANG_WARN_DOCUMENTATION_COMMENTS = YES;
				CLANG_WARN_EMPTY_BODY = YES;
				CLANG_WARN_ENUM_CONVERSION = YES;
				CLANG_WARN_INFINITE_RECURSION = YES;
				CLANG_WARN_INT_CONVERSION = YES;
				CLANG_WARN_NON_LITERAL_NULL_CONVERSION = YES;
				CLANG_WARN_OBJC_IMPLICIT_RETAIN_SELF = YES;
				CLANG_WARN_OBJC_LITERAL_CONVERSION = YES;
				CLANG_WARN_OBJC_ROOT_CLASS = YES_ERROR;
				CLANG_WARN_QUOTED_INCLUDE_IN_FRAMEWORK_HEADER = YES;
				CLANG_WARN_RANGE_LOOP_ANALYSIS = YES;
				CLANG_WARN_STRICT_PROTOTYPES = YES;
				CLANG_WARN_SUSPICIOUS_MOVE = YES;
				CLANG_WARN_UNGUARDED_AVAILABILITY = YES_AGGRESSIVE;
				CLANG_WARN_UNREACHABLE_CODE = YES;
				CLANG_WARN__DUPLICATE_METHOD_MATCH = YES;
				COPY_PHASE_STRIP = NO;
				DEBUG_INFORMATION_FORMAT = "dwarf-with-dsym";
				ENABLE_NS_ASSERTIONS = NO;
				ENABLE_STRICT_OBJC_MSGSEND = YES;
				GCC_C_LANGUAGE_STANDARD = gnu11;
				GCC_NO_COMMON_BLOCKS = YES;
				GCC_WARN_64_TO_32_BIT_CONVERSION = YES;
				GCC_WARN_ABOUT_RETURN_TYPE = YES_ERROR;
				GCC_WARN_UNDECLARED_SELECTOR = YES;
				GCC_WARN_UNINITIALIZED_AUTOS = YES_AGGRESSIVE;
				GCC_WARN_UNUSED_FUNCTION = YES;
				GCC_WARN_UNUSED_VARIABLE = YES;
				MACOSX_DEPLOYMENT_TARGET = 11.6;
				MTL_ENABLE_DEBUG_INFO = NO;
				MTL_FAST_MATH = YES;
				SDKROOT = macosx;
			};
			name = Release;
		};
		DB634C4927BA3D14005F96F0 /* Debug */ = {
			isa = XCBuildConfiguration;
			buildSettings = {
				CODE_SIGN_STYLE = Automatic;
				PRODUCT_NAME = "$(TARGET_NAME)";
			};
			name = Debug;
		};
		DB634C4A27BA3D14005F96F0 /* Release */ = {
			isa = XCBuildConfiguration;
			buildSettings = {
				CODE_SIGN_STYLE = Automatic;
				PRODUCT_NAME = "$(TARGET_NAME)";
			};
			name = Release;
		};
/* End XCBuildConfiguration section */

/* Begin XCConfigurationList section */
		DB634C3C27BA3D14005F96F0 /* Build configuration list for PBXProject "project3" */ = {
			isa = XCConfigurationList;
			buildConfigurations = (
				DB634C4627BA3D14005F96F0 /* Debug */,
				DB634C4727BA3D14005F96F0 /* Release */,
			);
			defaultConfigurationIsVisible = 0;
			defaultConfigurationName = Release;
		};
		DB634C4827BA3D14005F96F0 /* Build configuration list for PBXNativeTarget "project3" */ = {
			isa = XCConfigurationList;
			buildConfigurations = (
				DB634C4927BA3D14005F96F0 /* Debug */,
				DB634C4A27BA3D14005F96F0 /* Release */,
			);
			defaultConfigurationIsVisible = 0;
			defaultConfigurationName = Release;
		};
/* End XCConfigurationList section */
	};
	rootObject = DB634C3927BA3D14005F96F0 /* Project object */;
}
